// !$*UTF8*$!
{
	archiveVersion = 1;
	classes = {
	};
	objectVersion = 50;
	objects = {

/* Begin PBXBuildFile section */
		A34992B6219B895F004ECBB0 /* AppDelegate.swift in Sources */ = {isa = PBXBuildFile; fileRef = A34992B5219B895F004ECBB0 /* AppDelegate.swift */; };
		A34992B8219B895F004ECBB0 /* ViewController.swift in Sources */ = {isa = PBXBuildFile; fileRef = A34992B7219B895F004ECBB0 /* ViewController.swift */; };
		A34992BB219B895F004ECBB0 /* Main.storyboard in Resources */ = {isa = PBXBuildFile; fileRef = A34992B9219B895F004ECBB0 /* Main.storyboard */; };
		A34992BD219B8960004ECBB0 /* Assets.xcassets in Resources */ = {isa = PBXBuildFile; fileRef = A34992BC219B8960004ECBB0 /* Assets.xcassets */; };
		A34992C0219B8960004ECBB0 /* LaunchScreen.storyboard in Resources */ = {isa = PBXBuildFile; fileRef = A34992BE219B8960004ECBB0 /* LaunchScreen.storyboard */; };
		A34992CA219B8988004ECBB0 /* aspas-esquerda.png in Resources */ = {isa = PBXBuildFile; fileRef = A34992C7219B8987004ECBB0 /* aspas-esquerda.png */; };
		A34992CB219B8988004ECBB0 /* aspas-direita.png in Resources */ = {isa = PBXBuildFile; fileRef = A34992C8219B8987004ECBB0 /* aspas-direita.png */; };
		A34992CC219B8988004ECBB0 /* logo.png in Resources */ = {isa = PBXBuildFile; fileRef = A34992C9219B8987004ECBB0 /* logo.png */; };
/* End PBXBuildFile section */

/* Begin PBXFileReference section */
		A34992B2219B895F004ECBB0 /* Frases do dia.app */ = {isa = PBXFileReference; explicitFileType = wrapper.application; includeInIndex = 0; path = "Frases do dia.app"; sourceTree = BUILT_PRODUCTS_DIR; };
		A34992B5219B895F004ECBB0 /* AppDelegate.swift */ = {isa = PBXFileReference; lastKnownFileType = sourcecode.swift; path = AppDelegate.swift; sourceTree = "<group>"; };
		A34992B7219B895F004ECBB0 /* ViewController.swift */ = {isa = PBXFileReference; lastKnownFileType = sourcecode.swift; path = ViewController.swift; sourceTree = "<group>"; };
		A34992BA219B895F004ECBB0 /* Base */ = {isa = PBXFileReference; lastKnownFileType = file.storyboard; name = Base; path = Base.lproj/Main.storyboard; sourceTree = "<group>"; };
		A34992BC219B8960004ECBB0 /* Assets.xcassets */ = {isa = PBXFileReference; lastKnownFileType = folder.assetcatalog; path = Assets.xcassets; sourceTree = "<group>"; };
		A34992BF219B8960004ECBB0 /* Base */ = {isa = PBXFileReference; lastKnownFileType = file.storyboard; name = Base; path = Base.lproj/LaunchScreen.storyboard; sourceTree = "<group>"; };
		A34992C1219B8960004ECBB0 /* Info.plist */ = {isa = PBXFileReference; lastKnownFileType = text.plist.xml; path = Info.plist; sourceTree = "<group>"; };
		A34992C7219B8987004ECBB0 /* aspas-esquerda.png */ = {isa = PBXFileReference; lastKnownFileType = image.png; name = "aspas-esquerda.png"; path = "../../../../Downloads/imagens-app-frases-do-dia/aspas-esquerda.png"; sourceTree = "<group>"; };
		A34992C8219B8987004ECBB0 /* aspas-direita.png */ = {isa = PBXFileReference; lastKnownFileType = image.png; name = "aspas-direita.png"; path = "../../../../Downloads/imagens-app-frases-do-dia/aspas-direita.png"; sourceTree = "<group>"; };
		A34992C9219B8987004ECBB0 /* logo.png */ = {isa = PBXFileReference; lastKnownFileType = image.png; name = logo.png; path = "../../../../Downloads/imagens-app-frases-do-dia/logo.png"; sourceTree = "<group>"; };
/* End PBXFileReference section */

/* Begin PBXFrameworksBuildPhase section */
		A34992AF219B895F004ECBB0 /* Frameworks */ = {
			isa = PBXFrameworksBuildPhase;
			buildActionMask = 2147483647;
			files = (
			);
			runOnlyForDeploymentPostprocessing = 0;
		};
/* End PBXFrameworksBuildPhase section */

/* Begin PBXGroup section */
		A34992A9219B895F004ECBB0 = {
			isa = PBXGroup;
			children = (
				A34992B4219B895F004ECBB0 /* Frases do dia */,
				A34992B3219B895F004ECBB0 /* Products */,
			);
			sourceTree = "<group>";
		};
		A34992B3219B895F004ECBB0 /* Products */ = {
			isa = PBXGroup;
			children = (
				A34992B2219B895F004ECBB0 /* Frases do dia.app */,
			);
			name = Products;
			sourceTree = "<group>";
		};
		A34992B4219B895F004ECBB0 /* Frases do dia */ = {
			isa = PBXGroup;
			children = (
				A34992C8219B8987004ECBB0 /* aspas-direita.png */,
				A34992C7219B8987004ECBB0 /* aspas-esquerda.png */,
				A34992C9219B8987004ECBB0 /* logo.png */,
				A34992B5219B895F004ECBB0 /* AppDelegate.swift */,
				A34992B7219B895F004ECBB0 /* ViewController.swift */,
				A34992B9219B895F004ECBB0 /* Main.storyboard */,
				A34992BC219B8960004ECBB0 /* Assets.xcassets */,
				A34992BE219B8960004ECBB0 /* LaunchScreen.storyboard */,
				A34992C1219B8960004ECBB0 /* Info.plist */,
			);
			path = "Frases do dia";
			sourceTree = "<group>";
		};
/* End PBXGroup section */

/* Begin PBXNativeTarget section */
		A34992B1219B895F004ECBB0 /* Frases do dia */ = {
			isa = PBXNativeTarget;
			buildConfigurationList = A34992C4219B8960004ECBB0 /* Build configuration list for PBXNativeTarget "Frases do dia" */;
			buildPhases = (
				A34992AE219B895F004ECBB0 /* Sources */,
				A34992AF219B895F004ECBB0 /* Frameworks */,
				A34992B0219B895F004ECBB0 /* Resources */,
			);
			buildRules = (
			);
			dependencies = (
			);
			name = "Frases do dia";
			productName = "Frases do dia";
			productReference = A34992B2219B895F004ECBB0 /* Frases do dia.app */;
			productType = "com.apple.product-type.application";
		};
/* End PBXNativeTarget section */

/* Begin PBXProject section */
		A34992AA219B895F004ECBB0 /* Project object */ = {
			isa = PBXProject;
			attributes = {
				LastSwiftUpdateCheck = 1000;
				LastUpgradeCheck = 1000;
				ORGANIZATIONNAME = AK;
				TargetAttributes = {
					A34992B1219B895F004ECBB0 = {
						CreatedOnToolsVersion = 10.0;
					};
				};
			};
			buildConfigurationList = A34992AD219B895F004ECBB0 /* Build configuration list for PBXProject "Frases do dia" */;
			compatibilityVersion = "Xcode 9.3";
			developmentRegion = en;
			hasScannedForEncodings = 0;
			knownRegions = (
				en,
				Base,
			);
			mainGroup = A34992A9219B895F004ECBB0;
			productRefGroup = A34992B3219B895F004ECBB0 /* Products */;
			projectDirPath = "";
			projectRoot = "";
			targets = (
				A34992B1219B895F004ECBB0 /* Frases do dia */,
			);
		};
/* End PBXProject section */

/* Begin PBXResourcesBuildPhase section */
		A34992B0219B895F004ECBB0 /* Resources */ = {
			isa = PBXResourcesBuildPhase;
			buildActionMask = 2147483647;
			files = (
				A34992CA219B8988004ECBB0 /* aspas-esquerda.png in Resources */,
				A34992CB219B8988004ECBB0 /* aspas-direita.png in Resources */,
				A34992CC219B8988004ECBB0 /* logo.png in Resources */,
				A34992C0219B8960004ECBB0 /* LaunchScreen.storyboard in Resources */,
				A34992BD219B8960004ECBB0 /* Assets.xcassets in Resources */,
				A34992BB219B895F004ECBB0 /* Main.storyboard in Resources */,
			);
			runOnlyForDeploymentPostprocessing = 0;
		};
/* End PBXResourcesBuildPhase section */

/* Begin PBXSourcesBuildPhase section */
		A34992AE219B895F004ECBB0 /* Sources */ = {
			isa = PBXSourcesBuildPhase;
			buildActionMask = 2147483647;
			files = (
				A34992B8219B895F004ECBB0 /* ViewController.swift in Sources */,
				A34992B6219B895F004ECBB0 /* AppDelegate.swift in Sources */,
			);
			runOnlyForDeploymentPostprocessing = 0;
		};
/* End PBXSourcesBuildPhase section */

/* Begin PBXVariantGroup section */
		A34992B9219B895F004ECBB0 /* Main.storyboard */ = {
			isa = PBXVariantGroup;
			children = (
				A34992BA219B895F004ECBB0 /* Base */,
			);
			name = Main.storyboard;
			sourceTree = "<group>";
		};
		A34992BE219B8960004ECBB0 /* LaunchScreen.storyboard */ = {
			isa = PBXVariantGroup;
			children = (
				A34992BF219B8960004ECBB0 /* Base */,
			);
			name = LaunchScreen.storyboard;
			sourceTree = "<group>";
		};
/* End PBXVariantGroup section */

/* Begin XCBuildConfiguration section */
		A34992C2219B8960004ECBB0 /* Debug */ = {
			isa = XCBuildConfiguration;
			buildSettings = {
				ALWAYS_SEARCH_USER_PATHS = NO;
				CLANG_ANALYZER_NONNULL = YES;
				CLANG_ANALYZER_NUMBER_OBJECT_CONVERSION = YES_AGGRESSIVE;
				CLANG_CXX_LANGUAGE_STANDARD = "gnu++14";
				CLANG_CXX_LIBRARY = "libc++";
				CLANG_ENABLE_MODULES = YES;
				CLANG_ENABLE_OBJC_ARC = YES;
				CLANG_ENABLE_OBJC_WEAK = YES;
				CLANG_WARN_BLOCK_CAPTURE_AUTORELEASING = YES;
				CLANG_WARN_BOOL_CONVERSION = YES;
				CLANG_WARN_COMMA = YES;
				CLANG_WARN_CONSTANT_CONVERSION = YES;
				CLANG_WARN_DEPRECATED_OBJC_IMPLEMENTATIONS = YES;
				CLANG_WARN_DIRECT_OBJC_ISA_USAGE = YES_ERROR;
				CLANG_WARN_DOCUMENTATION_COMMENTS = YES;
				CLANG_WARN_EMPTY_BODY = YES;
				CLANG_WARN_ENUM_CONVERSION = YES;
				CLANG_WARN_INFINITE_RECURSION = YES;
				CLANG_WARN_INT_CONVERSION = YES;
				CLANG_WARN_NON_LITERAL_NULL_CONVERSION = YES;
				CLANG_WARN_OBJC_IMPLICIT_RETAIN_SELF = YES;
				CLANG_WARN_OBJC_LITERAL_CONVERSION = YES;
				CLANG_WARN_OBJC_ROOT_CLASS = YES_ERROR;
				CLANG_WARN_RANGE_LOOP_ANALYSIS = YES;
				CLANG_WARN_STRICT_PROTOTYPES = YES;
				CLANG_WARN_SUSPICIOUS_MOVE = YES;
				CLANG_WARN_UNGUARDED_AVAILABILITY = YES_AGGRESSIVE;
				CLANG_WARN_UNREACHABLE_CODE = YES;
				CLANG_WARN__DUPLICATE_METHOD_MATCH = YES;
				CODE_SIGN_IDENTITY = "iPhone Developer";
				COPY_PHASE_STRIP = NO;
				DEBUG_INFORMATION_FORMAT = dwarf;
				ENABLE_STRICT_OBJC_MSGSEND = YES;
				ENABLE_TESTABILITY = YES;
				GCC_C_LANGUAGE_STANDARD = gnu11;
				GCC_DYNAMIC_NO_PIC = NO;
				GCC_NO_COMMON_BLOCKS = YES;
				GCC_OPTIMIZATION_LEVEL = 0;
				GCC_PREPROCESSOR_DEFINITIONS = (
					"DEBUG=1",
					"$(inherited)",
				);
				GCC_WARN_64_TO_32_BIT_CONVERSION = YES;
				GCC_WARN_ABOUT_RETURN_TYPE = YES_ERROR;
				GCC_WARN_UNDECLARED_SELECTOR = YES;
				GCC_WARN_UNINITIALIZED_AUTOS = YES_AGGRESSIVE;
				GCC_WARN_UNUSED_FUNCTION = YES;
				GCC_WARN_UNUSED_VARIABLE = YES;
				IPHONEOS_DEPLOYMENT_TARGET = 12.0;
				MTL_ENABLE_DEBUG_INFO = INCLUDE_SOURCE;
				MTL_FAST_MATH = YES;
				ONLY_ACTIVE_ARCH = YES;
				SDKROOT = iphoneos;
				SWIFT_ACTIVE_COMPILATION_CONDITIONS = DEBUG;
				SWIFT_OPTIMIZATION_LEVEL = "-Onone";
			};
			name = Debug;
		};
		A34992C3219B8960004ECBB0 /* Release */ = {
			isa = XCBuildConfiguration;
			buildSettings = {
				ALWAYS_SEARCH_USER_PATHS = NO;
				CLANG_ANALYZER_NONNULL = YES;
				CLANG_ANALYZER_NUMBER_OBJECT_CONVERSION = YES_AGGRESSIVE;
				CLANG_CXX_LANGUAGE_STANDARD = "gnu++14";
				CLANG_CXX_LIBRARY = "libc++";
				CLANG_ENABLE_MODULES = YES;
				CLANG_ENABLE_OBJC_ARC = YES;
				CLANG_ENABLE_OBJC_WEAK = YES;
				CLANG_WARN_BLOCK_CAPTURE_AUTORELEASING = YES;
				CLANG_WARN_BOOL_CONVERSION = YES;
				CLANG_WARN_COMMA = YES;
				CLANG_WARN_CONSTANT_CONVERSION = YES;
				CLANG_WARN_DEPRECATED_OBJC_IMPLEMENTATIONS = YES;
				CLANG_WARN_DIRECT_OBJC_ISA_USAGE = YES_ERROR;
				CLANG_WARN_DOCUMENTATION_COMMENTS = YES;
				CLANG_WARN_EMPTY_BODY = YES;
				CLANG_WARN_ENUM_CONVERSION = YES;
				CLANG_WARN_INFINITE_RECURSION = YES;
				CLANG_WARN_INT_CONVERSION = YES;
				CLANG_WARN_NON_LITERAL_NULL_CONVERSION = YES;
				CLANG_WARN_OBJC_IMPLICIT_RETAIN_SELF = YES;
				CLANG_WARN_OBJC_LITERAL_CONVERSION = YES;
				CLANG_WARN_OBJC_ROOT_CLASS = YES_ERROR;
				CLANG_WARN_RANGE_LOOP_ANALYSIS = YES;
				CLANG_WARN_STRICT_PROTOTYPES = YES;
				CLANG_WARN_SUSPICIOUS_MOVE = YES;
				CLANG_WARN_UNGUARDED_AVAILABILITY = YES_AGGRESSIVE;
				CLANG_WARN_UNREACHABLE_CODE = YES;
				CLANG_WARN__DUPLICATE_METHOD_MATCH = YES;
				CODE_SIGN_IDENTITY = "iPhone Developer";
				COPY_PHASE_STRIP = NO;
				DEBUG_INFORMATION_FORMAT = "dwarf-with-dsym";
				ENABLE_NS_ASSERTIONS = NO;
				ENABLE_STRICT_OBJC_MSGSEND = YES;
				GCC_C_LANGUAGE_STANDARD = gnu11;
				GCC_NO_COMMON_BLOCKS = YES;
				GCC_WARN_64_TO_32_BIT_CONVERSION = YES;
				GCC_WARN_ABOUT_RETURN_TYPE = YES_ERROR;
				GCC_WARN_UNDECLARED_SELECTOR = YES;
				GCC_WARN_UNINITIALIZED_AUTOS = YES_AGGRESSIVE;
				GCC_WARN_UNUSED_FUNCTION = YES;
				GCC_WARN_UNUSED_VARIABLE = YES;
				IPHONEOS_DEPLOYMENT_TARGET = 12.0;
				MTL_ENABLE_DEBUG_INFO = NO;
				MTL_FAST_MATH = YES;
				SDKROOT = iphoneos;
				SWIFT_COMPILATION_MODE = wholemodule;
				SWIFT_OPTIMIZATION_LEVEL = "-O";
				VALIDATE_PRODUCT = YES;
			};
			name = Release;
		};
		A34992C5219B8960004ECBB0 /* Debug */ = {
			isa = XCBuildConfiguration;
			buildSettings = {
				ASSETCATALOG_COMPILER_APPICON_NAME = AppIcon;
				CODE_SIGN_STYLE = Automatic;
				DEVELOPMENT_TEAM = 9U9U2WB44B;
				INFOPLIST_FILE = "Frases do dia/Info.plist";
				LD_RUNPATH_SEARCH_PATHS = (
					"$(inherited)",
					"@executable_path/Frameworks",
				);
				PRODUCT_BUNDLE_IDENTIFIER = "com.ak.Frases-do-dia";
				PRODUCT_NAME = "$(TARGET_NAME)";
				SWIFT_VERSION = 4.2;
				TARGETED_DEVICE_FAMILY = "1,2";
			};
			name = Debug;
		};
		A34992C6219B8960004ECBB0 /* Release */ = {
			isa = XCBuildConfiguration;
			buildSettings = {
				ASSETCATALOG_COMPILER_APPICON_NAME = AppIcon;
				CODE_SIGN_STYLE = Automatic;
				DEVELOPMENT_TEAM = 9U9U2WB44B;
				INFOPLIST_FILE = "Frases do dia/Info.plist";
				LD_RUNPATH_SEARCH_PATHS = (
					"$(inherited)",
					"@executable_path/Frameworks",
				);
				PRODUCT_BUNDLE_IDENTIFIER = "com.ak.Frases-do-dia";
				PRODUCT_NAME = "$(TARGET_NAME)";
				SWIFT_VERSION = 4.2;
				TARGETED_DEVICE_FAMILY = "1,2";
			};
			name = Release;
		};
/* End XCBuildConfiguration section */

/* Begin XCConfigurationList section */
		A34992AD219B895F004ECBB0 /* Build configuration list for PBXProject "Frases do dia" */ = {
			isa = XCConfigurationList;
			buildConfigurations = (
				A34992C2219B8960004ECBB0 /* Debug */,
				A34992C3219B8960004ECBB0 /* Release */,
			);
			defaultConfigurationIsVisible = 0;
			defaultConfigurationName = Release;
		};
		A34992C4219B8960004ECBB0 /* Build configuration list for PBXNativeTarget "Frases do dia" */ = {
			isa = XCConfigurationList;
			buildConfigurations = (
				A34992C5219B8960004ECBB0 /* Debug */,
				A34992C6219B8960004ECBB0 /* Release */,
			);
			defaultConfigurationIsVisible = 0;
			defaultConfigurationName = Release;
		};
/* End XCConfigurationList section */
	};
	rootObject = A34992AA219B895F004ECBB0 /* Project object */;
}
